// !$*UTF8*$!
{
	archiveVersion = 1;
	classes = {
	};
	objectVersion = 50;
	objects = {

/* Begin PBXBuildFile section */
		9CCD766724A996BD00C3E0C8 /* charleyrivers.jpg in Resources */ = {isa = PBXBuildFile; fileRef = 9CCD766624A996BD00C3E0C8 /* charleyrivers.jpg */; };
		9CE00B4224AA8383005EF56C /* UserData.swift in Sources */ = {isa = PBXBuildFile; fileRef = 9CE00B4124AA8383005EF56C /* UserData.swift */; };
		9CE00B4724AA8C6D005EF56C /* HexagonParameters.swift in Sources */ = {isa = PBXBuildFile; fileRef = 9CE00B4624AA8C6D005EF56C /* HexagonParameters.swift */; };
		9CEA9EE224A672AE007E27EE /* AppDelegate.swift in Sources */ = {isa = PBXBuildFile; fileRef = 9CEA9EE124A672AE007E27EE /* AppDelegate.swift */; };
		9CEA9EE424A672AE007E27EE /* SceneDelegate.swift in Sources */ = {isa = PBXBuildFile; fileRef = 9CEA9EE324A672AE007E27EE /* SceneDelegate.swift */; };
		9CEA9EE824A672B4007E27EE /* Assets.xcassets in Resources */ = {isa = PBXBuildFile; fileRef = 9CEA9EE724A672B4007E27EE /* Assets.xcassets */; };
		9CEA9EEB24A672B4007E27EE /* Preview Assets.xcassets in Resources */ = {isa = PBXBuildFile; fileRef = 9CEA9EEA24A672B4007E27EE /* Preview Assets.xcassets */; };
		9CEA9EEE24A672B4007E27EE /* LaunchScreen.storyboard in Resources */ = {isa = PBXBuildFile; fileRef = 9CEA9EEC24A672B4007E27EE /* LaunchScreen.storyboard */; };
		9CEA9EFF24A9357C007E27EE /* MapView.swift in Sources */ = {isa = PBXBuildFile; fileRef = 9CEA9EFC24A9357C007E27EE /* MapView.swift */; };
		9CEA9F0024A9357C007E27EE /* CircleImage.swift in Sources */ = {isa = PBXBuildFile; fileRef = 9CEA9EFD24A9357C007E27EE /* CircleImage.swift */; };
		9CEA9F0124A9357C007E27EE /* LandmarkDetail.swift in Sources */ = {isa = PBXBuildFile; fileRef = 9CEA9EFE24A9357C007E27EE /* LandmarkDetail.swift */; };
		9CEA9F0424A96E82007E27EE /* Landmark.swift in Sources */ = {isa = PBXBuildFile; fileRef = 9CEA9F0324A96E82007E27EE /* Landmark.swift */; };
		9CEA9F0624A96EDD007E27EE /* Data.swift in Sources */ = {isa = PBXBuildFile; fileRef = 9CEA9F0524A96EDD007E27EE /* Data.swift */; };
		9CEA9F1524A96F58007E27EE /* turtlerock.jpg in Resources */ = {isa = PBXBuildFile; fileRef = 9CEA9F0824A96F58007E27EE /* turtlerock.jpg */; };
		9CEA9F1624A96F58007E27EE /* silversalmoncreek.jpg in Resources */ = {isa = PBXBuildFile; fileRef = 9CEA9F0924A96F58007E27EE /* silversalmoncreek.jpg */; };
		9CEA9F1724A96F58007E27EE /* icybay.jpg in Resources */ = {isa = PBXBuildFile; fileRef = 9CEA9F0A24A96F58007E27EE /* icybay.jpg */; };
		9CEA9F1824A96F58007E27EE /* lakemcdonald.jpg in Resources */ = {isa = PBXBuildFile; fileRef = 9CEA9F0B24A96F58007E27EE /* lakemcdonald.jpg */; };
		9CEA9F1924A96F58007E27EE /* hiddenlake.jpg in Resources */ = {isa = PBXBuildFile; fileRef = 9CEA9F0C24A96F58007E27EE /* hiddenlake.jpg */; };
		9CEA9F1A24A96F58007E27EE /* twinlake.jpg in Resources */ = {isa = PBXBuildFile; fileRef = 9CEA9F0D24A96F58007E27EE /* twinlake.jpg */; };
		9CEA9F1B24A96F58007E27EE /* umbagog.jpg in Resources */ = {isa = PBXBuildFile; fileRef = 9CEA9F0E24A96F58007E27EE /* umbagog.jpg */; };
		9CEA9F1C24A96F58007E27EE /* landmarkData.json in Resources */ = {isa = PBXBuildFile; fileRef = 9CEA9F0F24A96F58007E27EE /* landmarkData.json */; };
		9CEA9F1D24A96F58007E27EE /* chincoteague.jpg in Resources */ = {isa = PBXBuildFile; fileRef = 9CEA9F1024A96F58007E27EE /* chincoteague.jpg */; };
		9CEA9F1E24A96F58007E27EE /* yukon_charleyrivers.jpg in Resources */ = {isa = PBXBuildFile; fileRef = 9CEA9F1124A96F58007E27EE /* yukon_charleyrivers.jpg */; };
		9CEA9F1F24A96F58007E27EE /* stmarylake.jpg in Resources */ = {isa = PBXBuildFile; fileRef = 9CEA9F1224A96F58007E27EE /* stmarylake.jpg */; };
		9CEA9F2024A96F58007E27EE /* chilkoottrail.jpg in Resources */ = {isa = PBXBuildFile; fileRef = 9CEA9F1324A96F58007E27EE /* chilkoottrail.jpg */; };
		9CEA9F2124A96F58007E27EE /* rainbowlake.jpg in Resources */ = {isa = PBXBuildFile; fileRef = 9CEA9F1424A96F58007E27EE /* rainbowlake.jpg */; };
		9CEA9F2524A9711B007E27EE /* LandmarkRow.swift in Sources */ = {isa = PBXBuildFile; fileRef = 9CEA9F2424A9711B007E27EE /* LandmarkRow.swift */; };
		9CEA9F2724A9784C007E27EE /* LandmarkList.swift in Sources */ = {isa = PBXBuildFile; fileRef = 9CEA9F2624A9784C007E27EE /* LandmarkList.swift */; };
/* End PBXBuildFile section */

/* Begin PBXFileReference section */
		9CCD766624A996BD00C3E0C8 /* charleyrivers.jpg */ = {isa = PBXFileReference; lastKnownFileType = image.jpeg; path = charleyrivers.jpg; sourceTree = "<group>"; };
		9CE00B4124AA8383005EF56C /* UserData.swift */ = {isa = PBXFileReference; lastKnownFileType = sourcecode.swift; path = UserData.swift; sourceTree = "<group>"; };
		9CE00B4624AA8C6D005EF56C /* HexagonParameters.swift */ = {isa = PBXFileReference; fileEncoding = 4; lastKnownFileType = sourcecode.swift; path = HexagonParameters.swift; sourceTree = "<group>"; };
		9CEA9EDE24A672AE007E27EE /* Landmarks.app */ = {isa = PBXFileReference; explicitFileType = wrapper.application; includeInIndex = 0; path = Landmarks.app; sourceTree = BUILT_PRODUCTS_DIR; };
		9CEA9EE124A672AE007E27EE /* AppDelegate.swift */ = {isa = PBXFileReference; lastKnownFileType = sourcecode.swift; path = AppDelegate.swift; sourceTree = "<group>"; };
		9CEA9EE324A672AE007E27EE /* SceneDelegate.swift */ = {isa = PBXFileReference; lastKnownFileType = sourcecode.swift; path = SceneDelegate.swift; sourceTree = "<group>"; };
		9CEA9EE724A672B4007E27EE /* Assets.xcassets */ = {isa = PBXFileReference; lastKnownFileType = folder.assetcatalog; path = Assets.xcassets; sourceTree = "<group>"; };
		9CEA9EEA24A672B4007E27EE /* Preview Assets.xcassets */ = {isa = PBXFileReference; lastKnownFileType = folder.assetcatalog; path = "Preview Assets.xcassets"; sourceTree = "<group>"; };
		9CEA9EED24A672B4007E27EE /* Base */ = {isa = PBXFileReference; lastKnownFileType = file.storyboard; name = Base; path = Base.lproj/LaunchScreen.storyboard; sourceTree = "<group>"; };
		9CEA9EEF24A672B4007E27EE /* Info.plist */ = {isa = PBXFileReference; lastKnownFileType = text.plist.xml; path = Info.plist; sourceTree = "<group>"; };
		9CEA9EFC24A9357C007E27EE /* MapView.swift */ = {isa = PBXFileReference; fileEncoding = 4; lastKnownFileType = sourcecode.swift; path = MapView.swift; sourceTree = "<group>"; };
		9CEA9EFD24A9357C007E27EE /* CircleImage.swift */ = {isa = PBXFileReference; fileEncoding = 4; lastKnownFileType = sourcecode.swift; path = CircleImage.swift; sourceTree = "<group>"; };
		9CEA9EFE24A9357C007E27EE /* LandmarkDetail.swift */ = {isa = PBXFileReference; fileEncoding = 4; lastKnownFileType = sourcecode.swift; path = LandmarkDetail.swift; sourceTree = "<group>"; };
		9CEA9F0324A96E82007E27EE /* Landmark.swift */ = {isa = PBXFileReference; lastKnownFileType = sourcecode.swift; path = Landmark.swift; sourceTree = "<group>"; };
		9CEA9F0524A96EDD007E27EE /* Data.swift */ = {isa = PBXFileReference; lastKnownFileType = sourcecode.swift; path = Data.swift; sourceTree = "<group>"; };
		9CEA9F0824A96F58007E27EE /* turtlerock.jpg */ = {isa = PBXFileReference; lastKnownFileType = image.jpeg; path = turtlerock.jpg; sourceTree = "<group>"; };
		9CEA9F0924A96F58007E27EE /* silversalmoncreek.jpg */ = {isa = PBXFileReference; lastKnownFileType = image.jpeg; path = silversalmoncreek.jpg; sourceTree = "<group>"; };
		9CEA9F0A24A96F58007E27EE /* icybay.jpg */ = {isa = PBXFileReference; lastKnownFileType = image.jpeg; path = icybay.jpg; sourceTree = "<group>"; };
		9CEA9F0B24A96F58007E27EE /* lakemcdonald.jpg */ = {isa = PBXFileReference; lastKnownFileType = image.jpeg; path = lakemcdonald.jpg; sourceTree = "<group>"; };
		9CEA9F0C24A96F58007E27EE /* hiddenlake.jpg */ = {isa = PBXFileReference; lastKnownFileType = image.jpeg; path = hiddenlake.jpg; sourceTree = "<group>"; };
		9CEA9F0D24A96F58007E27EE /* twinlake.jpg */ = {isa = PBXFileReference; lastKnownFileType = image.jpeg; path = twinlake.jpg; sourceTree = "<group>"; };
		9CEA9F0E24A96F58007E27EE /* umbagog.jpg */ = {isa = PBXFileReference; lastKnownFileType = image.jpeg; path = umbagog.jpg; sourceTree = "<group>"; };
		9CEA9F0F24A96F58007E27EE /* landmarkData.json */ = {isa = PBXFileReference; fileEncoding = 4; lastKnownFileType = text.json; path = landmarkData.json; sourceTree = "<group>"; };
		9CEA9F1024A96F58007E27EE /* chincoteague.jpg */ = {isa = PBXFileReference; lastKnownFileType = image.jpeg; path = chincoteague.jpg; sourceTree = "<group>"; };
		9CEA9F1124A96F58007E27EE /* yukon_charleyrivers.jpg */ = {isa = PBXFileReference; lastKnownFileType = image.jpeg; path = yukon_charleyrivers.jpg; sourceTree = "<group>"; };
		9CEA9F1224A96F58007E27EE /* stmarylake.jpg */ = {isa = PBXFileReference; lastKnownFileType = image.jpeg; path = stmarylake.jpg; sourceTree = "<group>"; };
		9CEA9F1324A96F58007E27EE /* chilkoottrail.jpg */ = {isa = PBXFileReference; lastKnownFileType = image.jpeg; path = chilkoottrail.jpg; sourceTree = "<group>"; };
		9CEA9F1424A96F58007E27EE /* rainbowlake.jpg */ = {isa = PBXFileReference; lastKnownFileType = image.jpeg; path = rainbowlake.jpg; sourceTree = "<group>"; };
		9CEA9F2424A9711B007E27EE /* LandmarkRow.swift */ = {isa = PBXFileReference; lastKnownFileType = sourcecode.swift; path = LandmarkRow.swift; sourceTree = "<group>"; };
		9CEA9F2624A9784C007E27EE /* LandmarkList.swift */ = {isa = PBXFileReference; lastKnownFileType = sourcecode.swift; path = LandmarkList.swift; sourceTree = "<group>"; };
/* End PBXFileReference section */

/* Begin PBXFrameworksBuildPhase section */
		9CEA9EDB24A672AE007E27EE /* Frameworks */ = {
			isa = PBXFrameworksBuildPhase;
			buildActionMask = 2147483647;
			files = (
			);
			runOnlyForDeploymentPostprocessing = 0;
		};
/* End PBXFrameworksBuildPhase section */

/* Begin PBXGroup section */
		9CE00B4524AA8C4D005EF56C /* Geometry */ = {
			isa = PBXGroup;
			children = (
				9CE00B4624AA8C6D005EF56C /* HexagonParameters.swift */,
			);
			path = Geometry;
			sourceTree = "<group>";
		};
		9CEA9ED524A672AE007E27EE = {
			isa = PBXGroup;
			children = (
				9CEA9EE024A672AE007E27EE /* Landmarks */,
				9CEA9EDF24A672AE007E27EE /* Products */,
			);
			sourceTree = "<group>";
		};
		9CEA9EDF24A672AE007E27EE /* Products */ = {
			isa = PBXGroup;
			children = (
				9CEA9EDE24A672AE007E27EE /* Landmarks.app */,
			);
			name = Products;
			sourceTree = "<group>";
		};
		9CEA9EE024A672AE007E27EE /* Landmarks */ = {
			isa = PBXGroup;
			children = (
				9CEA9EE124A672AE007E27EE /* AppDelegate.swift */,
				9CEA9EE324A672AE007E27EE /* SceneDelegate.swift */,
				9CEA9EE724A672B4007E27EE /* Assets.xcassets */,
				9CEA9EEC24A672B4007E27EE /* LaunchScreen.storyboard */,
				9CEA9EEF24A672B4007E27EE /* Info.plist */,
				9CEA9EFB24A9357C007E27EE /* Views */,
				9CE00B4524AA8C4D005EF56C /* Geometry */,
				9CEA9F0224A96CB1007E27EE /* Models */,
				9CEA9EE924A672B4007E27EE /* Preview Content */,
				9CEA9F0724A96F58007E27EE /* Resources */,
			);
			path = Landmarks;
			sourceTree = "<group>";
		};
		9CEA9EE924A672B4007E27EE /* Preview Content */ = {
			isa = PBXGroup;
			children = (
				9CEA9EEA24A672B4007E27EE /* Preview Assets.xcassets */,
			);
			path = "Preview Content";
			sourceTree = "<group>";
		};
		9CEA9EFB24A9357C007E27EE /* Views */ = {
			isa = PBXGroup;
			children = (
				9CEA9EFC24A9357C007E27EE /* MapView.swift */,
				9CEA9EFD24A9357C007E27EE /* CircleImage.swift */,
				9CEA9EFE24A9357C007E27EE /* LandmarkDetail.swift */,
				9CEA9F2424A9711B007E27EE /* LandmarkRow.swift */,
				9CEA9F2624A9784C007E27EE /* LandmarkList.swift */,
			);
			path = Views;
			sourceTree = "<group>";
		};
		9CEA9F0224A96CB1007E27EE /* Models */ = {
			isa = PBXGroup;
			children = (
				9CEA9F0524A96EDD007E27EE /* Data.swift */,
				9CEA9F0324A96E82007E27EE /* Landmark.swift */,
				9CE00B4124AA8383005EF56C /* UserData.swift */,
			);
			path = Models;
			sourceTree = "<group>";
		};
		9CEA9F0724A96F58007E27EE /* Resources */ = {
			isa = PBXGroup;
			children = (
				9CCD766624A996BD00C3E0C8 /* charleyrivers.jpg */,
				9CEA9F1324A96F58007E27EE /* chilkoottrail.jpg */,
				9CEA9F1024A96F58007E27EE /* chincoteague.jpg */,
				9CEA9F0C24A96F58007E27EE /* hiddenlake.jpg */,
				9CEA9F0A24A96F58007E27EE /* icybay.jpg */,
				9CEA9F0B24A96F58007E27EE /* lakemcdonald.jpg */,
				9CEA9F0F24A96F58007E27EE /* landmarkData.json */,
				9CEA9F1424A96F58007E27EE /* rainbowlake.jpg */,
				9CEA9F0924A96F58007E27EE /* silversalmoncreek.jpg */,
				9CEA9F1224A96F58007E27EE /* stmarylake.jpg */,
				9CEA9F0824A96F58007E27EE /* turtlerock.jpg */,
				9CEA9F0D24A96F58007E27EE /* twinlake.jpg */,
				9CEA9F0E24A96F58007E27EE /* umbagog.jpg */,
				9CEA9F1124A96F58007E27EE /* yukon_charleyrivers.jpg */,
			);
			path = Resources;
			sourceTree = "<group>";
		};
/* End PBXGroup section */

/* Begin PBXNativeTarget section */
		9CEA9EDD24A672AE007E27EE /* Landmarks */ = {
			isa = PBXNativeTarget;
			buildConfigurationList = 9CEA9EF224A672B4007E27EE /* Build configuration list for PBXNativeTarget "Landmarks" */;
			buildPhases = (
				9CEA9EDA24A672AE007E27EE /* Sources */,
				9CEA9EDB24A672AE007E27EE /* Frameworks */,
				9CEA9EDC24A672AE007E27EE /* Resources */,
			);
			buildRules = (
			);
			dependencies = (
			);
			name = Landmarks;
			productName = Landmarks;
			productReference = 9CEA9EDE24A672AE007E27EE /* Landmarks.app */;
			productType = "com.apple.product-type.application";
		};
/* End PBXNativeTarget section */

/* Begin PBXProject section */
		9CEA9ED624A672AE007E27EE /* Project object */ = {
			isa = PBXProject;
			attributes = {
				LastSwiftUpdateCheck = 1150;
				LastUpgradeCheck = 1150;
				ORGANIZATIONNAME = "Vladimir Ionita";
				TargetAttributes = {
					9CEA9EDD24A672AE007E27EE = {
						CreatedOnToolsVersion = 11.5;
					};
				};
			};
			buildConfigurationList = 9CEA9ED924A672AE007E27EE /* Build configuration list for PBXProject "Landmarks" */;
			compatibilityVersion = "Xcode 9.3";
			developmentRegion = en;
			hasScannedForEncodings = 0;
			knownRegions = (
				en,
				Base,
			);
			mainGroup = 9CEA9ED524A672AE007E27EE;
			productRefGroup = 9CEA9EDF24A672AE007E27EE /* Products */;
			projectDirPath = "";
			projectRoot = "";
			targets = (
				9CEA9EDD24A672AE007E27EE /* Landmarks */,
			);
		};
/* End PBXProject section */

/* Begin PBXResourcesBuildPhase section */
		9CEA9EDC24A672AE007E27EE /* Resources */ = {
			isa = PBXResourcesBuildPhase;
			buildActionMask = 2147483647;
			files = (
				9CEA9F1824A96F58007E27EE /* lakemcdonald.jpg in Resources */,
				9CEA9F1624A96F58007E27EE /* silversalmoncreek.jpg in Resources */,
				9CEA9F1C24A96F58007E27EE /* landmarkData.json in Resources */,
				9CEA9F1524A96F58007E27EE /* turtlerock.jpg in Resources */,
				9CEA9EEE24A672B4007E27EE /* LaunchScreen.storyboard in Resources */,
				9CEA9F1B24A96F58007E27EE /* umbagog.jpg in Resources */,
				9CEA9F1F24A96F58007E27EE /* stmarylake.jpg in Resources */,
				9CCD766724A996BD00C3E0C8 /* charleyrivers.jpg in Resources */,
				9CEA9F1D24A96F58007E27EE /* chincoteague.jpg in Resources */,
				9CEA9EEB24A672B4007E27EE /* Preview Assets.xcassets in Resources */,
				9CEA9F1724A96F58007E27EE /* icybay.jpg in Resources */,
				9CEA9F1A24A96F58007E27EE /* twinlake.jpg in Resources */,
				9CEA9F1924A96F58007E27EE /* hiddenlake.jpg in Resources */,
				9CEA9EE824A672B4007E27EE /* Assets.xcassets in Resources */,
				9CEA9F2124A96F58007E27EE /* rainbowlake.jpg in Resources */,
				9CEA9F2024A96F58007E27EE /* chilkoottrail.jpg in Resources */,
				9CEA9F1E24A96F58007E27EE /* yukon_charleyrivers.jpg in Resources */,
			);
			runOnlyForDeploymentPostprocessing = 0;
		};
/* End PBXResourcesBuildPhase section */

/* Begin PBXSourcesBuildPhase section */
		9CEA9EDA24A672AE007E27EE /* Sources */ = {
			isa = PBXSourcesBuildPhase;
			buildActionMask = 2147483647;
			files = (
				9CE00B4724AA8C6D005EF56C /* HexagonParameters.swift in Sources */,
				9CEA9F0624A96EDD007E27EE /* Data.swift in Sources */,
				9CEA9EE224A672AE007E27EE /* AppDelegate.swift in Sources */,
				9CEA9EFF24A9357C007E27EE /* MapView.swift in Sources */,
				9CEA9F0124A9357C007E27EE /* LandmarkDetail.swift in Sources */,
				9CEA9F2524A9711B007E27EE /* LandmarkRow.swift in Sources */,
				9CEA9F0024A9357C007E27EE /* CircleImage.swift in Sources */,
				9CEA9EE424A672AE007E27EE /* SceneDelegate.swift in Sources */,
				9CEA9F0424A96E82007E27EE /* Landmark.swift in Sources */,
				9CE00B4224AA8383005EF56C /* UserData.swift in Sources */,
				9CEA9F2724A9784C007E27EE /* LandmarkList.swift in Sources */,
			);
			runOnlyForDeploymentPostprocessing = 0;
		};
/* End PBXSourcesBuildPhase section */

/* Begin PBXVariantGroup section */
		9CEA9EEC24A672B4007E27EE /* LaunchScreen.storyboard */ = {
			isa = PBXVariantGroup;
			children = (
				9CEA9EED24A672B4007E27EE /* Base */,
			);
			name = LaunchScreen.storyboard;
			sourceTree = "<group>";
		};
/* End PBXVariantGroup section */

/* Begin XCBuildConfiguration section */
		9CEA9EF024A672B4007E27EE /* Debug */ = {
			isa = XCBuildConfiguration;
			buildSettings = {
				ALWAYS_SEARCH_USER_PATHS = NO;
				CLANG_ANALYZER_NONNULL = YES;
				CLANG_ANALYZER_NUMBER_OBJECT_CONVERSION = YES_AGGRESSIVE;
				CLANG_CXX_LANGUAGE_STANDARD = "gnu++14";
				CLANG_CXX_LIBRARY = "libc++";
				CLANG_ENABLE_MODULES = YES;
				CLANG_ENABLE_OBJC_ARC = YES;
				CLANG_ENABLE_OBJC_WEAK = YES;
				CLANG_WARN_BLOCK_CAPTURE_AUTORELEASING = YES;
				CLANG_WARN_BOOL_CONVERSION = YES;
				CLANG_WARN_COMMA = YES;
				CLANG_WARN_CONSTANT_CONVERSION = YES;
				CLANG_WARN_DEPRECATED_OBJC_IMPLEMENTATIONS = YES;
				CLANG_WARN_DIRECT_OBJC_ISA_USAGE = YES_ERROR;
				CLANG_WARN_DOCUMENTATION_COMMENTS = YES;
				CLANG_WARN_EMPTY_BODY = YES;
				CLANG_WARN_ENUM_CONVERSION = YES;
				CLANG_WARN_INFINITE_RECURSION = YES;
				CLANG_WARN_INT_CONVERSION = YES;
				CLANG_WARN_NON_LITERAL_NULL_CONVERSION = YES;
				CLANG_WARN_OBJC_IMPLICIT_RETAIN_SELF = YES;
				CLANG_WARN_OBJC_LITERAL_CONVERSION = YES;
				CLANG_WARN_OBJC_ROOT_CLASS = YES_ERROR;
				CLANG_WARN_RANGE_LOOP_ANALYSIS = YES;
				CLANG_WARN_STRICT_PROTOTYPES = YES;
				CLANG_WARN_SUSPICIOUS_MOVE = YES;
				CLANG_WARN_UNGUARDED_AVAILABILITY = YES_AGGRESSIVE;
				CLANG_WARN_UNREACHABLE_CODE = YES;
				CLANG_WARN__DUPLICATE_METHOD_MATCH = YES;
				COPY_PHASE_STRIP = NO;
				DEBUG_INFORMATION_FORMAT = dwarf;
				ENABLE_STRICT_OBJC_MSGSEND = YES;
				ENABLE_TESTABILITY = YES;
				GCC_C_LANGUAGE_STANDARD = gnu11;
				GCC_DYNAMIC_NO_PIC = NO;
				GCC_NO_COMMON_BLOCKS = YES;
				GCC_OPTIMIZATION_LEVEL = 0;
				GCC_PREPROCESSOR_DEFINITIONS = (
					"DEBUG=1",
					"$(inherited)",
				);
				GCC_WARN_64_TO_32_BIT_CONVERSION = YES;
				GCC_WARN_ABOUT_RETURN_TYPE = YES_ERROR;
				GCC_WARN_UNDECLARED_SELECTOR = YES;
				GCC_WARN_UNINITIALIZED_AUTOS = YES_AGGRESSIVE;
				GCC_WARN_UNUSED_FUNCTION = YES;
				GCC_WARN_UNUSED_VARIABLE = YES;
				IPHONEOS_DEPLOYMENT_TARGET = 13.5;
				MTL_ENABLE_DEBUG_INFO = INCLUDE_SOURCE;
				MTL_FAST_MATH = YES;
				ONLY_ACTIVE_ARCH = YES;
				SDKROOT = iphoneos;
				SWIFT_ACTIVE_COMPILATION_CONDITIONS = DEBUG;
				SWIFT_OPTIMIZATION_LEVEL = "-Onone";
			};
			name = Debug;
		};
		9CEA9EF124A672B4007E27EE /* Release */ = {
			isa = XCBuildConfiguration;
			buildSettings = {
				ALWAYS_SEARCH_USER_PATHS = NO;
				CLANG_ANALYZER_NONNULL = YES;
				CLANG_ANALYZER_NUMBER_OBJECT_CONVERSION = YES_AGGRESSIVE;
				CLANG_CXX_LANGUAGE_STANDARD = "gnu++14";
				CLANG_CXX_LIBRARY = "libc++";
				CLANG_ENABLE_MODULES = YES;
				CLANG_ENABLE_OBJC_ARC = YES;
				CLANG_ENABLE_OBJC_WEAK = YES;
				CLANG_WARN_BLOCK_CAPTURE_AUTORELEASING = YES;
				CLANG_WARN_BOOL_CONVERSION = YES;
				CLANG_WARN_COMMA = YES;
				CLANG_WARN_CONSTANT_CONVERSION = YES;
				CLANG_WARN_DEPRECATED_OBJC_IMPLEMENTATIONS = YES;
				CLANG_WARN_DIRECT_OBJC_ISA_USAGE = YES_ERROR;
				CLANG_WARN_DOCUMENTATION_COMMENTS = YES;
				CLANG_WARN_EMPTY_BODY = YES;
				CLANG_WARN_ENUM_CONVERSION = YES;
				CLANG_WARN_INFINITE_RECURSION = YES;
				CLANG_WARN_INT_CONVERSION = YES;
				CLANG_WARN_NON_LITERAL_NULL_CONVERSION = YES;
				CLANG_WARN_OBJC_IMPLICIT_RETAIN_SELF = YES;
				CLANG_WARN_OBJC_LITERAL_CONVERSION = YES;
				CLANG_WARN_OBJC_ROOT_CLASS = YES_ERROR;
				CLANG_WARN_RANGE_LOOP_ANALYSIS = YES;
				CLANG_WARN_STRICT_PROTOTYPES = YES;
				CLANG_WARN_SUSPICIOUS_MOVE = YES;
				CLANG_WARN_UNGUARDED_AVAILABILITY = YES_AGGRESSIVE;
				CLANG_WARN_UNREACHABLE_CODE = YES;
				CLANG_WARN__DUPLICATE_METHOD_MATCH = YES;
				COPY_PHASE_STRIP = NO;
				DEBUG_INFORMATION_FORMAT = "dwarf-with-dsym";
				ENABLE_NS_ASSERTIONS = NO;
				ENABLE_STRICT_OBJC_MSGSEND = YES;
				GCC_C_LANGUAGE_STANDARD = gnu11;
				GCC_NO_COMMON_BLOCKS = YES;
				GCC_WARN_64_TO_32_BIT_CONVERSION = YES;
				GCC_WARN_ABOUT_RETURN_TYPE = YES_ERROR;
				GCC_WARN_UNDECLARED_SELECTOR = YES;
				GCC_WARN_UNINITIALIZED_AUTOS = YES_AGGRESSIVE;
				GCC_WARN_UNUSED_FUNCTION = YES;
				GCC_WARN_UNUSED_VARIABLE = YES;
				IPHONEOS_DEPLOYMENT_TARGET = 13.5;
				MTL_ENABLE_DEBUG_INFO = NO;
				MTL_FAST_MATH = YES;
				SDKROOT = iphoneos;
				SWIFT_COMPILATION_MODE = wholemodule;
				SWIFT_OPTIMIZATION_LEVEL = "-O";
				VALIDATE_PRODUCT = YES;
			};
			name = Release;
		};
		9CEA9EF324A672B4007E27EE /* Debug */ = {
			isa = XCBuildConfiguration;
			buildSettings = {
				ASSETCATALOG_COMPILER_APPICON_NAME = AppIcon;
				CODE_SIGN_STYLE = Automatic;
				DEVELOPMENT_ASSET_PATHS = "\"Landmarks/Preview Content\"";
				ENABLE_PREVIEWS = YES;
				INFOPLIST_FILE = Landmarks/Info.plist;
				LD_RUNPATH_SEARCH_PATHS = (
					"$(inherited)",
					"@executable_path/Frameworks",
				);
				PRODUCT_BUNDLE_IDENTIFIER = com.vladimirionita.Landmarks;
				PRODUCT_NAME = "$(TARGET_NAME)";
				SWIFT_VERSION = 5.0;
				TARGETED_DEVICE_FAMILY = "1,2";
			};
			name = Debug;
		};
		9CEA9EF424A672B4007E27EE /* Release */ = {
			isa = XCBuildConfiguration;
			buildSettings = {
				ASSETCATALOG_COMPILER_APPICON_NAME = AppIcon;
				CODE_SIGN_STYLE = Automatic;
				DEVELOPMENT_ASSET_PATHS = "\"Landmarks/Preview Content\"";
				ENABLE_PREVIEWS = YES;
				INFOPLIST_FILE = Landmarks/Info.plist;
				LD_RUNPATH_SEARCH_PATHS = (
					"$(inherited)",
					"@executable_path/Frameworks",
				);
				PRODUCT_BUNDLE_IDENTIFIER = com.vladimirionita.Landmarks;
				PRODUCT_NAME = "$(TARGET_NAME)";
				SWIFT_VERSION = 5.0;
				TARGETED_DEVICE_FAMILY = "1,2";
			};
			name = Release;
		};
/* End XCBuildConfiguration section */

/* Begin XCConfigurationList section */
		9CEA9ED924A672AE007E27EE /* Build configuration list for PBXProject "Landmarks" */ = {
			isa = XCConfigurationList;
			buildConfigurations = (
				9CEA9EF024A672B4007E27EE /* Debug */,
				9CEA9EF124A672B4007E27EE /* Release */,
			);
			defaultConfigurationIsVisible = 0;
			defaultConfigurationName = Release;
		};
		9CEA9EF224A672B4007E27EE /* Build configuration list for PBXNativeTarget "Landmarks" */ = {
			isa = XCConfigurationList;
			buildConfigurations = (
				9CEA9EF324A672B4007E27EE /* Debug */,
				9CEA9EF424A672B4007E27EE /* Release */,
			);
			defaultConfigurationIsVisible = 0;
			defaultConfigurationName = Release;
		};
/* End XCConfigurationList section */
	};
	rootObject = 9CEA9ED624A672AE007E27EE /* Project object */;
}
